
Microsoft Visual Studio Solution File, Format Version 12.00
# Visual Studio Version 17
VisualStudioVersion = 17.9.34728.123
MinimumVisualStudioVersion = 10.0.40219.1
Project("{2150E333-8FDC-42A3-9474-1A3956D46DE8}") = "src", "src", "{317044D4-88AA-4326-AAE1-EF615552275E}"
EndProject
Project("{2150E333-8FDC-42A3-9474-1A3956D46DE8}") = "tests", "tests", "{97631F20-FFF2-426B-AF03-4BCBB6D23A85}"
EndProject
Project("{9A19103F-16F7-4668-BE54-9A1E7A4F7556}") = "Journey.Communication", "src\Journey.Communication\Journey.Communication.csproj", "{4C6E5A52-0280-4E25-856E-91378E8DF7D1}"
EndProject
Project("{9A19103F-16F7-4668-BE54-9A1E7A4F7556}") = "Journey.Application", "src\Journey.Application\Journey.Application.csproj", "{E6F5DBC0-00F8-4649-995C-7FE6F0D655FC}"
EndProject
Project("{9A19103F-16F7-4668-BE54-9A1E7A4F7556}") = "Journey.Exception", "src\Journey.Exception\Journey.Exception.csproj", "{6B9941BF-6FB7-4CF6-9C74-FFE199F96A77}"
EndProject
Project("{9A19103F-16F7-4668-BE54-9A1E7A4F7556}") = "Journey.Infrastructure", "src\Journey.Infrastructure\Journey.Infrastructure.csproj", "{7491156F-1F24-41A3-A3C0-F4D75B730FEF}"
EndProject
Project("{9A19103F-16F7-4668-BE54-9A1E7A4F7556}") = "Journey.Api", "src\Journey.Api\Journey.Api.csproj", "{A06EE223-358C-4E1A-BAD1-7063E7177816}"
EndProject
Project("{9A19103F-16F7-4668-BE54-9A1E7A4F7556}") = "Journey.Application.Tests", "tests\Journey.Application.Tests\Journey.Application.Tests.csproj", "{5F5DE445-FC71-48CB-BE89-0DCA3C547536}"
EndProject
Project("{9A19103F-16F7-4668-BE54-9A1E7A4F7556}") = "Journey.Exception.Tests", "tests\Journey.Exception.Tests\Journey.Exception.Tests.csproj", "{C42180ED-938C-4B51-8A05-23C3B8FA314D}"
EndProject
Project("{9A19103F-16F7-4668-BE54-9A1E7A4F7556}") = "Journey.Api.Tests", "tests\Journey.Api.Tests\Journey.Api.Tests.csproj", "{BB0752E2-5242-4BE5-A289-7E8D82967EAA}"
EndProject
Project("{9A19103F-16F7-4668-BE54-9A1E7A4F7556}") = "Journey.TestHelpers", "tests\Journey.TestHelpers\Journey.TestHelpers.csproj", "{3EFC62C5-74C5-4766-A33E-E915E38126AF}"
EndProject
Global
	GlobalSection(SolutionConfigurationPlatforms) = preSolution
		Debug|Any CPU = Debug|Any CPU
		Release|Any CPU = Release|Any CPU
	EndGlobalSection
	GlobalSection(ProjectConfigurationPlatforms) = postSolution
		{4C6E5A52-0280-4E25-856E-91378E8DF7D1}.Debug|Any CPU.ActiveCfg = Debug|Any CPU
		{4C6E5A52-0280-4E25-856E-91378E8DF7D1}.Debug|Any CPU.Build.0 = Debug|Any CPU
		{4C6E5A52-0280-4E25-856E-91378E8DF7D1}.Release|Any CPU.ActiveCfg = Release|Any CPU
		{4C6E5A52-0280-4E25-856E-91378E8DF7D1}.Release|Any CPU.Build.0 = Release|Any CPU
		{E6F5DBC0-00F8-4649-995C-7FE6F0D655FC}.Debug|Any CPU.ActiveCfg = Debug|Any CPU
		{E6F5DBC0-00F8-4649-995C-7FE6F0D655FC}.Debug|Any CPU.Build.0 = Debug|Any CPU
		{E6F5DBC0-00F8-4649-995C-7FE6F0D655FC}.Release|Any CPU.ActiveCfg = Release|Any CPU
		{E6F5DBC0-00F8-4649-995C-7FE6F0D655FC}.Release|Any CPU.Build.0 = Release|Any CPU
		{6B9941BF-6FB7-4CF6-9C74-FFE199F96A77}.Debug|Any CPU.ActiveCfg = Debug|Any CPU
		{6B9941BF-6FB7-4CF6-9C74-FFE199F96A77}.Debug|Any CPU.Build.0 = Debug|Any CPU
		{6B9941BF-6FB7-4CF6-9C74-FFE199F96A77}.Release|Any CPU.ActiveCfg = Release|Any CPU
		{6B9941BF-6FB7-4CF6-9C74-FFE199F96A77}.Release|Any CPU.Build.0 = Release|Any CPU
		{7491156F-1F24-41A3-A3C0-F4D75B730FEF}.Debug|Any CPU.ActiveCfg = Debug|Any CPU
		{7491156F-1F24-41A3-A3C0-F4D75B730FEF}.Debug|Any CPU.Build.0 = Debug|Any CPU
		{7491156F-1F24-41A3-A3C0-F4D75B730FEF}.Release|Any CPU.ActiveCfg = Release|Any CPU
		{7491156F-1F24-41A3-A3C0-F4D75B730FEF}.Release|Any CPU.Build.0 = Release|Any CPU
		{A06EE223-358C-4E1A-BAD1-7063E7177816}.Debug|Any CPU.ActiveCfg = Debug|Any CPU
		{A06EE223-358C-4E1A-BAD1-7063E7177816}.Debug|Any CPU.Build.0 = Debug|Any CPU
		{A06EE223-358C-4E1A-BAD1-7063E7177816}.Release|Any CPU.ActiveCfg = Release|Any CPU
		{A06EE223-358C-4E1A-BAD1-7063E7177816}.Release|Any CPU.Build.0 = Release|Any CPU
		{5F5DE445-FC71-48CB-BE89-0DCA3C547536}.Debug|Any CPU.ActiveCfg = Debug|Any CPU
		{5F5DE445-FC71-48CB-BE89-0DCA3C547536}.Debug|Any CPU.Build.0 = Debug|Any CPU
		{5F5DE445-FC71-48CB-BE89-0DCA3C547536}.Release|Any CPU.ActiveCfg = Release|Any CPU
		{5F5DE445-FC71-48CB-BE89-0DCA3C547536}.Release|Any CPU.Build.0 = Release|Any CPU
		{C42180ED-938C-4B51-8A05-23C3B8FA314D}.Debug|Any CPU.ActiveCfg = Debug|Any CPU
		{C42180ED-938C-4B51-8A05-23C3B8FA314D}.Debug|Any CPU.Build.0 = Debug|Any CPU
		{C42180ED-938C-4B51-8A05-23C3B8FA314D}.Release|Any CPU.ActiveCfg = Release|Any CPU
		{C42180ED-938C-4B51-8A05-23C3B8FA314D}.Release|Any CPU.Build.0 = Release|Any CPU
		{BB0752E2-5242-4BE5-A289-7E8D82967EAA}.Debug|Any CPU.ActiveCfg = Debug|Any CPU
		{BB0752E2-5242-4BE5-A289-7E8D82967EAA}.Debug|Any CPU.Build.0 = Debug|Any CPU
		{BB0752E2-5242-4BE5-A289-7E8D82967EAA}.Release|Any CPU.ActiveCfg = Release|Any CPU
		{BB0752E2-5242-4BE5-A289-7E8D82967EAA}.Release|Any CPU.Build.0 = Release|Any CPU
		{3EFC62C5-74C5-4766-A33E-E915E38126AF}.Debug|Any CPU.ActiveCfg = Debug|Any CPU
		{3EFC62C5-74C5-4766-A33E-E915E38126AF}.Debug|Any CPU.Build.0 = Debug|Any CPU
		{3EFC62C5-74C5-4766-A33E-E915E38126AF}.Release|Any CPU.ActiveCfg = Release|Any CPU
		{3EFC62C5-74C5-4766-A33E-E915E38126AF}.Release|Any CPU.Build.0 = Release|Any CPU
	EndGlobalSection
	GlobalSection(SolutionProperties) = preSolution
		HideSolutionNode = FALSE
	EndGlobalSection
	GlobalSection(NestedProjects) = preSolution
		{4C6E5A52-0280-4E25-856E-91378E8DF7D1} = {317044D4-88AA-4326-AAE1-EF615552275E}
		{E6F5DBC0-00F8-4649-995C-7FE6F0D655FC} = {317044D4-88AA-4326-AAE1-EF615552275E}
		{6B9941BF-6FB7-4CF6-9C74-FFE199F96A77} = {317044D4-88AA-4326-AAE1-EF615552275E}
		{7491156F-1F24-41A3-A3C0-F4D75B730FEF} = {317044D4-88AA-4326-AAE1-EF615552275E}
		{A06EE223-358C-4E1A-BAD1-7063E7177816} = {317044D4-88AA-4326-AAE1-EF615552275E}
		{5F5DE445-FC71-48CB-BE89-0DCA3C547536} = {97631F20-FFF2-426B-AF03-4BCBB6D23A85}
		{C42180ED-938C-4B51-8A05-23C3B8FA314D} = {97631F20-FFF2-426B-AF03-4BCBB6D23A85}
		{BB0752E2-5242-4BE5-A289-7E8D82967EAA} = {97631F20-FFF2-426B-AF03-4BCBB6D23A85}
		{3EFC62C5-74C5-4766-A33E-E915E38126AF} = {97631F20-FFF2-426B-AF03-4BCBB6D23A85}
	EndGlobalSection
	GlobalSection(ExtensibilityGlobals) = postSolution
		SolutionGuid = {9396E4F3-2451-4A7D-992A-8B2F4229159F}
	EndGlobalSection
EndGlobal
